#RULE-SET,ad-filter,REJECT
payload:
- DOMAIN-KEYWORD,ad-sign.*,REJECT
- DOMAIN-KEYWORD,bytedance.*,REJECT
- DOMAIN-KEYWORD,bytegoofy.*,REJECT
- DOMAIN-KEYWORD,byteorge.*,REJECT
- DOMAIN-KEYWORD,fqnovelvod.*,REJECT
- DOMAIN-KEYWORD,lf.fqnovel.*,REJECT
- DOMAIN-KEYWORD,mgsdk-sign.*,REJECT
- DOMAIN-KEYWORD,pangolin-sdk-toutiao.*,REJECT
- DOMAIN-KEYWORD,pangolin-sdk-toutiao1.*,REJECT
- DOMAIN-KEYWORD,pangolin-sdk.*,REJECT
- DOMAIN-KEYWORD,pglstatp-toutiao.*,REJECT
- DOMAIN-KEYWORD,snssdk.*,REJECT
- DOMAIN-KEYWORD,zijieapi.*,REJECT
